
Microsoft Visual Studio Solution File, Format Version 12.00
# Visual Studio Version 18
VisualStudioVersion = 18.2.11415.280
MinimumVisualStudioVersion = 10.0.40219.1
Project("{FAE04EC0-301F-11D3-BF4B-00C04F79EFBC}") = "Presentation", "Presentation\Presentation.csproj", "{EE5229E6-09E4-4378-A4BA-2AEBD431F587}"
EndProject
Project("{FAE04EC0-301F-11D3-BF4B-00C04F79EFBC}") = "Infrastructure", "Data\Infrastructure.csproj", "{F5E3CB6A-CF3C-4AD3-9B2E-6A8BA565B470}"
EndProject
Project("{FAE04EC0-301F-11D3-BF4B-00C04F79EFBC}") = "Application", "Application\Application.csproj", "{D8A0034D-5946-4418-9947-2DD39F38F9A4}"
EndProject
Project("{FAE04EC0-301F-11D3-BF4B-00C04F79EFBC}") = "Domain", "Domain\Domain.csproj", "{7B996146-5DE4-4E5C-BF0D-7506B056348F}"
EndProject
Global
	GlobalSection(SolutionConfigurationPlatforms) = preSolution
		Debug|Any CPU = Debug|Any CPU
		Release|Any CPU = Release|Any CPU
	EndGlobalSection
	GlobalSection(ProjectConfigurationPlatforms) = postSolution
		{EE5229E6-09E4-4378-A4BA-2AEBD431F587}.Debug|Any CPU.ActiveCfg = Debug|Any CPU
		{EE5229E6-09E4-4378-A4BA-2AEBD431F587}.Debug|Any CPU.Build.0 = Debug|Any CPU
		{EE5229E6-09E4-4378-A4BA-2AEBD431F587}.Release|Any CPU.ActiveCfg = Release|Any CPU
		{EE5229E6-09E4-4378-A4BA-2AEBD431F587}.Release|Any CPU.Build.0 = Release|Any CPU
		{F5E3CB6A-CF3C-4AD3-9B2E-6A8BA565B470}.Debug|Any CPU.ActiveCfg = Debug|Any CPU
		{F5E3CB6A-CF3C-4AD3-9B2E-6A8BA565B470}.Debug|Any CPU.Build.0 = Debug|Any CPU
		{F5E3CB6A-CF3C-4AD3-9B2E-6A8BA565B470}.Release|Any CPU.ActiveCfg = Release|Any CPU
		{F5E3CB6A-CF3C-4AD3-9B2E-6A8BA565B470}.Release|Any CPU.Build.0 = Release|Any CPU
		{D8A0034D-5946-4418-9947-2DD39F38F9A4}.Debug|Any CPU.ActiveCfg = Debug|Any CPU
		{D8A0034D-5946-4418-9947-2DD39F38F9A4}.Debug|Any CPU.Build.0 = Debug|Any CPU
		{D8A0034D-5946-4418-9947-2DD39F38F9A4}.Release|Any CPU.ActiveCfg = Release|Any CPU
		{D8A0034D-5946-4418-9947-2DD39F38F9A4}.Release|Any CPU.Build.0 = Release|Any CPU
		{7B996146-5DE4-4E5C-BF0D-7506B056348F}.Debug|Any CPU.ActiveCfg = Debug|Any CPU
		{7B996146-5DE4-4E5C-BF0D-7506B056348F}.Debug|Any CPU.Build.0 = Debug|Any CPU
		{7B996146-5DE4-4E5C-BF0D-7506B056348F}.Release|Any CPU.ActiveCfg = Release|Any CPU
		{7B996146-5DE4-4E5C-BF0D-7506B056348F}.Release|Any CPU.Build.0 = Release|Any CPU
	EndGlobalSection
	GlobalSection(SolutionProperties) = preSolution
		HideSolutionNode = FALSE
	EndGlobalSection
	GlobalSection(ExtensibilityGlobals) = postSolution
		SolutionGuid = {25E51689-35DE-46DD-9641-F6D98201DB74}
	EndGlobalSection
EndGlobal
