
Microsoft Visual Studio Solution File, Format Version 12.00
# Visual Studio Version 17
VisualStudioVersion = 17.14.36616.10
MinimumVisualStudioVersion = 10.0.40219.1
Project("{FAE04EC0-301F-11D3-BF4B-00C04F79EFBC}") = "Presentation", "Presentation\Presentation.csproj", "{8D0BD3B6-D808-4586-BC6B-2E05201B20CF}"
EndProject
Project("{FAE04EC0-301F-11D3-BF4B-00C04F79EFBC}") = "Application", "Application\Application.csproj", "{2064F309-86A5-4B6C-869D-79C47F80ED3E}"
EndProject
Project("{FAE04EC0-301F-11D3-BF4B-00C04F79EFBC}") = "Application.Tests", "Application.Tests\Application.Tests.csproj", "{BC2DF842-200D-4860-B388-B91DF996ACB0}"
EndProject
Project("{FAE04EC0-301F-11D3-BF4B-00C04F79EFBC}") = "Infrastructure", "Infrastructure\Infrastructure.csproj", "{D5847BD2-7C28-4785-A581-612422755D5B}"
EndProject
Global
	GlobalSection(SolutionConfigurationPlatforms) = preSolution
		Debug|Any CPU = Debug|Any CPU
		Debug|x64 = Debug|x64
		Debug|x86 = Debug|x86
		Release|Any CPU = Release|Any CPU
		Release|x64 = Release|x64
		Release|x86 = Release|x86
	EndGlobalSection
	GlobalSection(ProjectConfigurationPlatforms) = postSolution
		{8D0BD3B6-D808-4586-BC6B-2E05201B20CF}.Debug|Any CPU.ActiveCfg = Debug|Any CPU
		{8D0BD3B6-D808-4586-BC6B-2E05201B20CF}.Debug|Any CPU.Build.0 = Debug|Any CPU
		{8D0BD3B6-D808-4586-BC6B-2E05201B20CF}.Debug|x64.ActiveCfg = Debug|Any CPU
		{8D0BD3B6-D808-4586-BC6B-2E05201B20CF}.Debug|x64.Build.0 = Debug|Any CPU
		{8D0BD3B6-D808-4586-BC6B-2E05201B20CF}.Debug|x86.ActiveCfg = Debug|Any CPU
		{8D0BD3B6-D808-4586-BC6B-2E05201B20CF}.Debug|x86.Build.0 = Debug|Any CPU
		{8D0BD3B6-D808-4586-BC6B-2E05201B20CF}.Release|Any CPU.ActiveCfg = Release|Any CPU
		{8D0BD3B6-D808-4586-BC6B-2E05201B20CF}.Release|Any CPU.Build.0 = Release|Any CPU
		{8D0BD3B6-D808-4586-BC6B-2E05201B20CF}.Release|x64.ActiveCfg = Release|Any CPU
		{8D0BD3B6-D808-4586-BC6B-2E05201B20CF}.Release|x64.Build.0 = Release|Any CPU
		{8D0BD3B6-D808-4586-BC6B-2E05201B20CF}.Release|x86.ActiveCfg = Release|Any CPU
		{8D0BD3B6-D808-4586-BC6B-2E05201B20CF}.Release|x86.Build.0 = Release|Any CPU
		{2064F309-86A5-4B6C-869D-79C47F80ED3E}.Debug|Any CPU.ActiveCfg = Debug|Any CPU
		{2064F309-86A5-4B6C-869D-79C47F80ED3E}.Debug|Any CPU.Build.0 = Debug|Any CPU
		{2064F309-86A5-4B6C-869D-79C47F80ED3E}.Debug|x64.ActiveCfg = Debug|Any CPU
		{2064F309-86A5-4B6C-869D-79C47F80ED3E}.Debug|x64.Build.0 = Debug|Any CPU
		{2064F309-86A5-4B6C-869D-79C47F80ED3E}.Debug|x86.ActiveCfg = Debug|Any CPU
		{2064F309-86A5-4B6C-869D-79C47F80ED3E}.Debug|x86.Build.0 = Debug|Any CPU
		{2064F309-86A5-4B6C-869D-79C47F80ED3E}.Release|Any CPU.ActiveCfg = Release|Any CPU
		{2064F309-86A5-4B6C-869D-79C47F80ED3E}.Release|Any CPU.Build.0 = Release|Any CPU
		{2064F309-86A5-4B6C-869D-79C47F80ED3E}.Release|x64.ActiveCfg = Release|Any CPU
		{2064F309-86A5-4B6C-869D-79C47F80ED3E}.Release|x64.Build.0 = Release|Any CPU
		{2064F309-86A5-4B6C-869D-79C47F80ED3E}.Release|x86.ActiveCfg = Release|Any CPU
		{2064F309-86A5-4B6C-869D-79C47F80ED3E}.Release|x86.Build.0 = Release|Any CPU
		{BC2DF842-200D-4860-B388-B91DF996ACB0}.Debug|Any CPU.ActiveCfg = Debug|Any CPU
		{BC2DF842-200D-4860-B388-B91DF996ACB0}.Debug|Any CPU.Build.0 = Debug|Any CPU
		{BC2DF842-200D-4860-B388-B91DF996ACB0}.Debug|x64.ActiveCfg = Debug|Any CPU
		{BC2DF842-200D-4860-B388-B91DF996ACB0}.Debug|x64.Build.0 = Debug|Any CPU
		{BC2DF842-200D-4860-B388-B91DF996ACB0}.Debug|x86.ActiveCfg = Debug|Any CPU
		{BC2DF842-200D-4860-B388-B91DF996ACB0}.Debug|x86.Build.0 = Debug|Any CPU
		{BC2DF842-200D-4860-B388-B91DF996ACB0}.Release|Any CPU.ActiveCfg = Release|Any CPU
		{BC2DF842-200D-4860-B388-B91DF996ACB0}.Release|Any CPU.Build.0 = Release|Any CPU
		{BC2DF842-200D-4860-B388-B91DF996ACB0}.Release|x64.ActiveCfg = Release|Any CPU
		{BC2DF842-200D-4860-B388-B91DF996ACB0}.Release|x64.Build.0 = Release|Any CPU
		{BC2DF842-200D-4860-B388-B91DF996ACB0}.Release|x86.ActiveCfg = Release|Any CPU
		{BC2DF842-200D-4860-B388-B91DF996ACB0}.Release|x86.Build.0 = Release|Any CPU
		{D5847BD2-7C28-4785-A581-612422755D5B}.Debug|Any CPU.ActiveCfg = Debug|Any CPU
		{D5847BD2-7C28-4785-A581-612422755D5B}.Debug|Any CPU.Build.0 = Debug|Any CPU
		{D5847BD2-7C28-4785-A581-612422755D5B}.Debug|x64.ActiveCfg = Debug|Any CPU
		{D5847BD2-7C28-4785-A581-612422755D5B}.Debug|x64.Build.0 = Debug|Any CPU
		{D5847BD2-7C28-4785-A581-612422755D5B}.Debug|x86.ActiveCfg = Debug|Any CPU
		{D5847BD2-7C28-4785-A581-612422755D5B}.Debug|x86.Build.0 = Debug|Any CPU
		{D5847BD2-7C28-4785-A581-612422755D5B}.Release|Any CPU.ActiveCfg = Release|Any CPU
		{D5847BD2-7C28-4785-A581-612422755D5B}.Release|Any CPU.Build.0 = Release|Any CPU
		{D5847BD2-7C28-4785-A581-612422755D5B}.Release|x64.ActiveCfg = Release|Any CPU
		{D5847BD2-7C28-4785-A581-612422755D5B}.Release|x64.Build.0 = Release|Any CPU
		{D5847BD2-7C28-4785-A581-612422755D5B}.Release|x86.ActiveCfg = Release|Any CPU
		{D5847BD2-7C28-4785-A581-612422755D5B}.Release|x86.Build.0 = Release|Any CPU
	EndGlobalSection
	GlobalSection(SolutionProperties) = preSolution
		HideSolutionNode = FALSE
	EndGlobalSection
	GlobalSection(ExtensibilityGlobals) = postSolution
		SolutionGuid = {912F5193-2276-4A4F-AFBE-29091F869443}
	EndGlobalSection
EndGlobal
